
Microsoft Visual Studio Solution File, Format Version 12.00
# Visual Studio Version 17
VisualStudioVersion = 17.14.36518.9
MinimumVisualStudioVersion = 10.0.40219.1
Project("{FAE04EC0-301F-11D3-BF4B-00C04F79EFBC}") = "DaraBinding,DataObject", "DaraBinding,DataObject\DaraBinding,DataObject.csproj", "{F94C4EB4-7976-4F85-996D-F5992778BF79}"
EndProject
Project("{FAE04EC0-301F-11D3-BF4B-00C04F79EFBC}") = "DataBinding.XamlElement", "DataBinding.XamlElement\DataBinding.XamlElement.csproj", "{35C61CDF-B620-43D9-9039-6CB5FE861CA2}"
EndProject
Project("{FAE04EC0-301F-11D3-BF4B-00C04F79EFBC}") = "DataBinding.Collection", "DataBinding.Collection\DataBinding.Collection.csproj", "{BA8F726F-A94A-4591-BEB6-CB97A0FCB2AA}"
EndProject
Global
	GlobalSection(SolutionConfigurationPlatforms) = preSolution
		Debug|Any CPU = Debug|Any CPU
		Release|Any CPU = Release|Any CPU
	EndGlobalSection
	GlobalSection(ProjectConfigurationPlatforms) = postSolution
		{F94C4EB4-7976-4F85-996D-F5992778BF79}.Debug|Any CPU.ActiveCfg = Debug|Any CPU
		{F94C4EB4-7976-4F85-996D-F5992778BF79}.Debug|Any CPU.Build.0 = Debug|Any CPU
		{F94C4EB4-7976-4F85-996D-F5992778BF79}.Release|Any CPU.ActiveCfg = Release|Any CPU
		{F94C4EB4-7976-4F85-996D-F5992778BF79}.Release|Any CPU.Build.0 = Release|Any CPU
		{35C61CDF-B620-43D9-9039-6CB5FE861CA2}.Debug|Any CPU.ActiveCfg = Debug|Any CPU
		{35C61CDF-B620-43D9-9039-6CB5FE861CA2}.Debug|Any CPU.Build.0 = Debug|Any CPU
		{35C61CDF-B620-43D9-9039-6CB5FE861CA2}.Release|Any CPU.ActiveCfg = Release|Any CPU
		{35C61CDF-B620-43D9-9039-6CB5FE861CA2}.Release|Any CPU.Build.0 = Release|Any CPU
		{BA8F726F-A94A-4591-BEB6-CB97A0FCB2AA}.Debug|Any CPU.ActiveCfg = Debug|Any CPU
		{BA8F726F-A94A-4591-BEB6-CB97A0FCB2AA}.Debug|Any CPU.Build.0 = Debug|Any CPU
		{BA8F726F-A94A-4591-BEB6-CB97A0FCB2AA}.Debug|Any CPU.Deploy.0 = Debug|Any CPU
		{BA8F726F-A94A-4591-BEB6-CB97A0FCB2AA}.Release|Any CPU.ActiveCfg = Release|Any CPU
		{BA8F726F-A94A-4591-BEB6-CB97A0FCB2AA}.Release|Any CPU.Build.0 = Release|Any CPU
	EndGlobalSection
	GlobalSection(SolutionProperties) = preSolution
		HideSolutionNode = FALSE
	EndGlobalSection
	GlobalSection(ExtensibilityGlobals) = postSolution
		SolutionGuid = {F361ABE7-29F0-499E-B08D-810629196F1A}
	EndGlobalSection
EndGlobal
